// !$*UTF8*$!
{
	archiveVersion = 1;
	classes = {
	};
	objectVersion = 56;
	objects = {

/* Begin PBXBuildFile section */
		E039EA8A2B4126B3008F1E4D /* DateFilterView.swift in Sources */ = {isa = PBXBuildFile; fileRef = E039EA892B4126B3008F1E4D /* DateFilterView.swift */; };
		E042D4562B2B577A00496A1C /* ExpenseFullAppApp.swift in Sources */ = {isa = PBXBuildFile; fileRef = E042D4552B2B577A00496A1C /* ExpenseFullAppApp.swift */; };
		E042D4582B2B577A00496A1C /* ContentView.swift in Sources */ = {isa = PBXBuildFile; fileRef = E042D4572B2B577A00496A1C /* ContentView.swift */; };
		E042D45A2B2B577B00496A1C /* Assets.xcassets in Resources */ = {isa = PBXBuildFile; fileRef = E042D4592B2B577B00496A1C /* Assets.xcassets */; };
		E042D45D2B2B577B00496A1C /* Preview Assets.xcassets in Resources */ = {isa = PBXBuildFile; fileRef = E042D45C2B2B577B00496A1C /* Preview Assets.xcassets */; };
		E042D4662B2B584600496A1C /* IntroScreen.swift in Sources */ = {isa = PBXBuildFile; fileRef = E042D4652B2B584600496A1C /* IntroScreen.swift */; };
		E042D4692B2B596200496A1C /* Constants.swift in Sources */ = {isa = PBXBuildFile; fileRef = E042D4682B2B596200496A1C /* Constants.swift */; };
		E042D46B2B2B5DE800496A1C /* Tab.swift in Sources */ = {isa = PBXBuildFile; fileRef = E042D46A2B2B5DE800496A1C /* Tab.swift */; };
		E0573BA62B2F6CC5000C335F /* Category.swift in Sources */ = {isa = PBXBuildFile; fileRef = E0573BA52B2F6CC5000C335F /* Category.swift */; };
		E0573BA82B2F6D0F000C335F /* Transaction.swift in Sources */ = {isa = PBXBuildFile; fileRef = E0573BA72B2F6D0F000C335F /* Transaction.swift */; };
		E0573BAA2B2F6E41000C335F /* TintColor.swift in Sources */ = {isa = PBXBuildFile; fileRef = E0573BA92B2F6E41000C335F /* TintColor.swift */; };
		E0573BAD2B2F6FA9000C335F /* Recents.swift in Sources */ = {isa = PBXBuildFile; fileRef = E0573BAC2B2F6FA9000C335F /* Recents.swift */; };
		E0573BAF2B2F6FCF000C335F /* Search.swift in Sources */ = {isa = PBXBuildFile; fileRef = E0573BAE2B2F6FCF000C335F /* Search.swift */; };
		E0573BB12B2F6FDD000C335F /* Graphs.swift in Sources */ = {isa = PBXBuildFile; fileRef = E0573BB02B2F6FDD000C335F /* Graphs.swift */; };
		E0573BB32B2F6FE9000C335F /* Settings.swift in Sources */ = {isa = PBXBuildFile; fileRef = E0573BB22B2F6FE9000C335F /* Settings.swift */; };
		E0573BB52B2F7220000C335F /* View+Extension.swift in Sources */ = {isa = PBXBuildFile; fileRef = E0573BB42B2F7220000C335F /* View+Extension.swift */; };
		E06929562B4007F900DB93D0 /* TransactionCardView.swift in Sources */ = {isa = PBXBuildFile; fileRef = E06929552B4007F900DB93D0 /* TransactionCardView.swift */; };
		E0E568B72B3EAEA000162B19 /* Date+Extension.swift in Sources */ = {isa = PBXBuildFile; fileRef = E0E568B62B3EAEA000162B19 /* Date+Extension.swift */; };
		E0E568BA2B3EB23F00162B19 /* CardView.swift in Sources */ = {isa = PBXBuildFile; fileRef = E0E568B92B3EB23F00162B19 /* CardView.swift */; };
/* End PBXBuildFile section */

/* Begin PBXFileReference section */
		E039EA892B4126B3008F1E4D /* DateFilterView.swift */ = {isa = PBXFileReference; lastKnownFileType = sourcecode.swift; path = DateFilterView.swift; sourceTree = "<group>"; };
		E042D4522B2B577A00496A1C /* ExpenseFullApp.app */ = {isa = PBXFileReference; explicitFileType = wrapper.application; includeInIndex = 0; path = ExpenseFullApp.app; sourceTree = BUILT_PRODUCTS_DIR; };
		E042D4552B2B577A00496A1C /* ExpenseFullAppApp.swift */ = {isa = PBXFileReference; lastKnownFileType = sourcecode.swift; path = ExpenseFullAppApp.swift; sourceTree = "<group>"; };
		E042D4572B2B577A00496A1C /* ContentView.swift */ = {isa = PBXFileReference; lastKnownFileType = sourcecode.swift; path = ContentView.swift; sourceTree = "<group>"; };
		E042D4592B2B577B00496A1C /* Assets.xcassets */ = {isa = PBXFileReference; lastKnownFileType = folder.assetcatalog; path = Assets.xcassets; sourceTree = "<group>"; };
		E042D45C2B2B577B00496A1C /* Preview Assets.xcassets */ = {isa = PBXFileReference; lastKnownFileType = folder.assetcatalog; path = "Preview Assets.xcassets"; sourceTree = "<group>"; };
		E042D4652B2B584600496A1C /* IntroScreen.swift */ = {isa = PBXFileReference; lastKnownFileType = sourcecode.swift; path = IntroScreen.swift; sourceTree = "<group>"; };
		E042D4682B2B596200496A1C /* Constants.swift */ = {isa = PBXFileReference; lastKnownFileType = sourcecode.swift; path = Constants.swift; sourceTree = "<group>"; };
		E042D46A2B2B5DE800496A1C /* Tab.swift */ = {isa = PBXFileReference; lastKnownFileType = sourcecode.swift; path = Tab.swift; sourceTree = "<group>"; };
		E0573BA52B2F6CC5000C335F /* Category.swift */ = {isa = PBXFileReference; lastKnownFileType = sourcecode.swift; path = Category.swift; sourceTree = "<group>"; };
		E0573BA72B2F6D0F000C335F /* Transaction.swift */ = {isa = PBXFileReference; lastKnownFileType = sourcecode.swift; path = Transaction.swift; sourceTree = "<group>"; };
		E0573BA92B2F6E41000C335F /* TintColor.swift */ = {isa = PBXFileReference; lastKnownFileType = sourcecode.swift; path = TintColor.swift; sourceTree = "<group>"; };
		E0573BAC2B2F6FA9000C335F /* Recents.swift */ = {isa = PBXFileReference; lastKnownFileType = sourcecode.swift; path = Recents.swift; sourceTree = "<group>"; };
		E0573BAE2B2F6FCF000C335F /* Search.swift */ = {isa = PBXFileReference; lastKnownFileType = sourcecode.swift; path = Search.swift; sourceTree = "<group>"; };
		E0573BB02B2F6FDD000C335F /* Graphs.swift */ = {isa = PBXFileReference; lastKnownFileType = sourcecode.swift; path = Graphs.swift; sourceTree = "<group>"; };
		E0573BB22B2F6FE9000C335F /* Settings.swift */ = {isa = PBXFileReference; lastKnownFileType = sourcecode.swift; path = Settings.swift; sourceTree = "<group>"; };
		E0573BB42B2F7220000C335F /* View+Extension.swift */ = {isa = PBXFileReference; lastKnownFileType = sourcecode.swift; path = "View+Extension.swift"; sourceTree = "<group>"; };
		E06929552B4007F900DB93D0 /* TransactionCardView.swift */ = {isa = PBXFileReference; lastKnownFileType = sourcecode.swift; path = TransactionCardView.swift; sourceTree = "<group>"; };
		E0E568B62B3EAEA000162B19 /* Date+Extension.swift */ = {isa = PBXFileReference; lastKnownFileType = sourcecode.swift; path = "Date+Extension.swift"; sourceTree = "<group>"; };
		E0E568B92B3EB23F00162B19 /* CardView.swift */ = {isa = PBXFileReference; lastKnownFileType = sourcecode.swift; path = CardView.swift; sourceTree = "<group>"; };
/* End PBXFileReference section */

/* Begin PBXFrameworksBuildPhase section */
		E042D44F2B2B577A00496A1C /* Frameworks */ = {
			isa = PBXFrameworksBuildPhase;
			buildActionMask = 2147483647;
			files = (
			);
			runOnlyForDeploymentPostprocessing = 0;
		};
/* End PBXFrameworksBuildPhase section */

/* Begin PBXGroup section */
		E042D4492B2B577A00496A1C = {
			isa = PBXGroup;
			children = (
				E042D4542B2B577A00496A1C /* ExpenseFullApp */,
				E042D4532B2B577A00496A1C /* Products */,
			);
			sourceTree = "<group>";
		};
		E042D4532B2B577A00496A1C /* Products */ = {
			isa = PBXGroup;
			children = (
				E042D4522B2B577A00496A1C /* ExpenseFullApp.app */,
			);
			name = Products;
			sourceTree = "<group>";
		};
		E042D4542B2B577A00496A1C /* ExpenseFullApp */ = {
			isa = PBXGroup;
			children = (
				E042D4672B2B594B00496A1C /* Helpers */,
				E042D4642B2B582300496A1C /* Model */,
				E042D4632B2B581E00496A1C /* View */,
				E042D4552B2B577A00496A1C /* ExpenseFullAppApp.swift */,
				E042D4572B2B577A00496A1C /* ContentView.swift */,
				E042D4592B2B577B00496A1C /* Assets.xcassets */,
				E042D45B2B2B577B00496A1C /* Preview Content */,
			);
			path = ExpenseFullApp;
			sourceTree = "<group>";
		};
		E042D45B2B2B577B00496A1C /* Preview Content */ = {
			isa = PBXGroup;
			children = (
				E042D45C2B2B577B00496A1C /* Preview Assets.xcassets */,
			);
			path = "Preview Content";
			sourceTree = "<group>";
		};
		E042D4632B2B581E00496A1C /* View */ = {
			isa = PBXGroup;
			children = (
				E0E568B82B3EB22C00162B19 /* Helpers */,
				E0573BAB2B2F6F90000C335F /* TabViews */,
				E042D4652B2B584600496A1C /* IntroScreen.swift */,
			);
			path = View;
			sourceTree = "<group>";
		};
		E042D4642B2B582300496A1C /* Model */ = {
			isa = PBXGroup;
			children = (
				E042D46A2B2B5DE800496A1C /* Tab.swift */,
				E0573BA52B2F6CC5000C335F /* Category.swift */,
				E0573BA72B2F6D0F000C335F /* Transaction.swift */,
				E0573BA92B2F6E41000C335F /* TintColor.swift */,
			);
			path = Model;
			sourceTree = "<group>";
		};
		E042D4672B2B594B00496A1C /* Helpers */ = {
			isa = PBXGroup;
			children = (
				E042D4682B2B596200496A1C /* Constants.swift */,
				E0573BB42B2F7220000C335F /* View+Extension.swift */,
				E0E568B62B3EAEA000162B19 /* Date+Extension.swift */,
			);
			path = Helpers;
			sourceTree = "<group>";
		};
		E0573BAB2B2F6F90000C335F /* TabViews */ = {
			isa = PBXGroup;
			children = (
				E0573BAC2B2F6FA9000C335F /* Recents.swift */,
				E0573BAE2B2F6FCF000C335F /* Search.swift */,
				E0573BB02B2F6FDD000C335F /* Graphs.swift */,
				E0573BB22B2F6FE9000C335F /* Settings.swift */,
			);
			path = TabViews;
			sourceTree = "<group>";
		};
		E0E568B82B3EB22C00162B19 /* Helpers */ = {
			isa = PBXGroup;
			children = (
				E0E568B92B3EB23F00162B19 /* CardView.swift */,
				E06929552B4007F900DB93D0 /* TransactionCardView.swift */,
				E039EA892B4126B3008F1E4D /* DateFilterView.swift */,
			);
			path = Helpers;
			sourceTree = "<group>";
		};
/* End PBXGroup section */

/* Begin PBXNativeTarget section */
		E042D4512B2B577A00496A1C /* ExpenseFullApp */ = {
			isa = PBXNativeTarget;
			buildConfigurationList = E042D4602B2B577B00496A1C /* Build configuration list for PBXNativeTarget "ExpenseFullApp" */;
			buildPhases = (
				E042D44E2B2B577A00496A1C /* Sources */,
				E042D44F2B2B577A00496A1C /* Frameworks */,
				E042D4502B2B577A00496A1C /* Resources */,
			);
			buildRules = (
			);
			dependencies = (
			);
			name = ExpenseFullApp;
			productName = ExpenseFullApp;
			productReference = E042D4522B2B577A00496A1C /* ExpenseFullApp.app */;
			productType = "com.apple.product-type.application";
		};
/* End PBXNativeTarget section */

/* Begin PBXProject section */
		E042D44A2B2B577A00496A1C /* Project object */ = {
			isa = PBXProject;
			attributes = {
				BuildIndependentTargetsInParallel = 1;
				LastSwiftUpdateCheck = 1430;
				LastUpgradeCheck = 1430;
				TargetAttributes = {
					E042D4512B2B577A00496A1C = {
						CreatedOnToolsVersion = 14.3.1;
					};
				};
			};
			buildConfigurationList = E042D44D2B2B577A00496A1C /* Build configuration list for PBXProject "ExpenseFullApp" */;
			compatibilityVersion = "Xcode 14.0";
			developmentRegion = en;
			hasScannedForEncodings = 0;
			knownRegions = (
				en,
				Base,
			);
			mainGroup = E042D4492B2B577A00496A1C;
			productRefGroup = E042D4532B2B577A00496A1C /* Products */;
			projectDirPath = "";
			projectRoot = "";
			targets = (
				E042D4512B2B577A00496A1C /* ExpenseFullApp */,
			);
		};
/* End PBXProject section */

/* Begin PBXResourcesBuildPhase section */
		E042D4502B2B577A00496A1C /* Resources */ = {
			isa = PBXResourcesBuildPhase;
			buildActionMask = 2147483647;
			files = (
				E042D45D2B2B577B00496A1C /* Preview Assets.xcassets in Resources */,
				E042D45A2B2B577B00496A1C /* Assets.xcassets in Resources */,
			);
			runOnlyForDeploymentPostprocessing = 0;
		};
/* End PBXResourcesBuildPhase section */

/* Begin PBXSourcesBuildPhase section */
		E042D44E2B2B577A00496A1C /* Sources */ = {
			isa = PBXSourcesBuildPhase;
			buildActionMask = 2147483647;
			files = (
				E0573BAA2B2F6E41000C335F /* TintColor.swift in Sources */,
				E0573BAD2B2F6FA9000C335F /* Recents.swift in Sources */,
				E0573BA82B2F6D0F000C335F /* Transaction.swift in Sources */,
				E042D4582B2B577A00496A1C /* ContentView.swift in Sources */,
				E0E568BA2B3EB23F00162B19 /* CardView.swift in Sources */,
				E039EA8A2B4126B3008F1E4D /* DateFilterView.swift in Sources */,
				E042D4662B2B584600496A1C /* IntroScreen.swift in Sources */,
				E042D46B2B2B5DE800496A1C /* Tab.swift in Sources */,
				E0573BB32B2F6FE9000C335F /* Settings.swift in Sources */,
				E042D4562B2B577A00496A1C /* ExpenseFullAppApp.swift in Sources */,
				E0573BAF2B2F6FCF000C335F /* Search.swift in Sources */,
				E042D4692B2B596200496A1C /* Constants.swift in Sources */,
				E0573BB52B2F7220000C335F /* View+Extension.swift in Sources */,
				E0E568B72B3EAEA000162B19 /* Date+Extension.swift in Sources */,
				E0573BB12B2F6FDD000C335F /* Graphs.swift in Sources */,
				E0573BA62B2F6CC5000C335F /* Category.swift in Sources */,
				E06929562B4007F900DB93D0 /* TransactionCardView.swift in Sources */,
			);
			runOnlyForDeploymentPostprocessing = 0;
		};
/* End PBXSourcesBuildPhase section */

/* Begin XCBuildConfiguration section */
		E042D45E2B2B577B00496A1C /* Debug */ = {
			isa = XCBuildConfiguration;
			buildSettings = {
				ALWAYS_SEARCH_USER_PATHS = NO;
				CLANG_ANALYZER_NONNULL = YES;
				CLANG_ANALYZER_NUMBER_OBJECT_CONVERSION = YES_AGGRESSIVE;
				CLANG_CXX_LANGUAGE_STANDARD = "gnu++20";
				CLANG_ENABLE_MODULES = YES;
				CLANG_ENABLE_OBJC_ARC = YES;
				CLANG_ENABLE_OBJC_WEAK = YES;
				CLANG_WARN_BLOCK_CAPTURE_AUTORELEASING = YES;
				CLANG_WARN_BOOL_CONVERSION = YES;
				CLANG_WARN_COMMA = YES;
				CLANG_WARN_CONSTANT_CONVERSION = YES;
				CLANG_WARN_DEPRECATED_OBJC_IMPLEMENTATIONS = YES;
				CLANG_WARN_DIRECT_OBJC_ISA_USAGE = YES_ERROR;
				CLANG_WARN_DOCUMENTATION_COMMENTS = YES;
				CLANG_WARN_EMPTY_BODY = YES;
				CLANG_WARN_ENUM_CONVERSION = YES;
				CLANG_WARN_INFINITE_RECURSION = YES;
				CLANG_WARN_INT_CONVERSION = YES;
				CLANG_WARN_NON_LITERAL_NULL_CONVERSION = YES;
				CLANG_WARN_OBJC_IMPLICIT_RETAIN_SELF = YES;
				CLANG_WARN_OBJC_LITERAL_CONVERSION = YES;
				CLANG_WARN_OBJC_ROOT_CLASS = YES_ERROR;
				CLANG_WARN_QUOTED_INCLUDE_IN_FRAMEWORK_HEADER = YES;
				CLANG_WARN_RANGE_LOOP_ANALYSIS = YES;
				CLANG_WARN_STRICT_PROTOTYPES = YES;
				CLANG_WARN_SUSPICIOUS_MOVE = YES;
				CLANG_WARN_UNGUARDED_AVAILABILITY = YES_AGGRESSIVE;
				CLANG_WARN_UNREACHABLE_CODE = YES;
				CLANG_WARN__DUPLICATE_METHOD_MATCH = YES;
				COPY_PHASE_STRIP = NO;
				DEBUG_INFORMATION_FORMAT = dwarf;
				ENABLE_STRICT_OBJC_MSGSEND = YES;
				ENABLE_TESTABILITY = YES;
				GCC_C_LANGUAGE_STANDARD = gnu11;
				GCC_DYNAMIC_NO_PIC = NO;
				GCC_NO_COMMON_BLOCKS = YES;
				GCC_OPTIMIZATION_LEVEL = 0;
				GCC_PREPROCESSOR_DEFINITIONS = (
					"DEBUG=1",
					"$(inherited)",
				);
				GCC_WARN_64_TO_32_BIT_CONVERSION = YES;
				GCC_WARN_ABOUT_RETURN_TYPE = YES_ERROR;
				GCC_WARN_UNDECLARED_SELECTOR = YES;
				GCC_WARN_UNINITIALIZED_AUTOS = YES_AGGRESSIVE;
				GCC_WARN_UNUSED_FUNCTION = YES;
				GCC_WARN_UNUSED_VARIABLE = YES;
				IPHONEOS_DEPLOYMENT_TARGET = 16.4;
				MTL_ENABLE_DEBUG_INFO = INCLUDE_SOURCE;
				MTL_FAST_MATH = YES;
				ONLY_ACTIVE_ARCH = YES;
				SDKROOT = iphoneos;
				SWIFT_ACTIVE_COMPILATION_CONDITIONS = DEBUG;
				SWIFT_OPTIMIZATION_LEVEL = "-Onone";
			};
			name = Debug;
		};
		E042D45F2B2B577B00496A1C /* Release */ = {
			isa = XCBuildConfiguration;
			buildSettings = {
				ALWAYS_SEARCH_USER_PATHS = NO;
				CLANG_ANALYZER_NONNULL = YES;
				CLANG_ANALYZER_NUMBER_OBJECT_CONVERSION = YES_AGGRESSIVE;
				CLANG_CXX_LANGUAGE_STANDARD = "gnu++20";
				CLANG_ENABLE_MODULES = YES;
				CLANG_ENABLE_OBJC_ARC = YES;
				CLANG_ENABLE_OBJC_WEAK = YES;
				CLANG_WARN_BLOCK_CAPTURE_AUTORELEASING = YES;
				CLANG_WARN_BOOL_CONVERSION = YES;
				CLANG_WARN_COMMA = YES;
				CLANG_WARN_CONSTANT_CONVERSION = YES;
				CLANG_WARN_DEPRECATED_OBJC_IMPLEMENTATIONS = YES;
				CLANG_WARN_DIRECT_OBJC_ISA_USAGE = YES_ERROR;
				CLANG_WARN_DOCUMENTATION_COMMENTS = YES;
				CLANG_WARN_EMPTY_BODY = YES;
				CLANG_WARN_ENUM_CONVERSION = YES;
				CLANG_WARN_INFINITE_RECURSION = YES;
				CLANG_WARN_INT_CONVERSION = YES;
				CLANG_WARN_NON_LITERAL_NULL_CONVERSION = YES;
				CLANG_WARN_OBJC_IMPLICIT_RETAIN_SELF = YES;
				CLANG_WARN_OBJC_LITERAL_CONVERSION = YES;
				CLANG_WARN_OBJC_ROOT_CLASS = YES_ERROR;
				CLANG_WARN_QUOTED_INCLUDE_IN_FRAMEWORK_HEADER = YES;
				CLANG_WARN_RANGE_LOOP_ANALYSIS = YES;
				CLANG_WARN_STRICT_PROTOTYPES = YES;
				CLANG_WARN_SUSPICIOUS_MOVE = YES;
				CLANG_WARN_UNGUARDED_AVAILABILITY = YES_AGGRESSIVE;
				CLANG_WARN_UNREACHABLE_CODE = YES;
				CLANG_WARN__DUPLICATE_METHOD_MATCH = YES;
				COPY_PHASE_STRIP = NO;
				DEBUG_INFORMATION_FORMAT = "dwarf-with-dsym";
				ENABLE_NS_ASSERTIONS = NO;
				ENABLE_STRICT_OBJC_MSGSEND = YES;
				GCC_C_LANGUAGE_STANDARD = gnu11;
				GCC_NO_COMMON_BLOCKS = YES;
				GCC_WARN_64_TO_32_BIT_CONVERSION = YES;
				GCC_WARN_ABOUT_RETURN_TYPE = YES_ERROR;
				GCC_WARN_UNDECLARED_SELECTOR = YES;
				GCC_WARN_UNINITIALIZED_AUTOS = YES_AGGRESSIVE;
				GCC_WARN_UNUSED_FUNCTION = YES;
				GCC_WARN_UNUSED_VARIABLE = YES;
				IPHONEOS_DEPLOYMENT_TARGET = 16.4;
				MTL_ENABLE_DEBUG_INFO = NO;
				MTL_FAST_MATH = YES;
				SDKROOT = iphoneos;
				SWIFT_COMPILATION_MODE = wholemodule;
				SWIFT_OPTIMIZATION_LEVEL = "-O";
				VALIDATE_PRODUCT = YES;
			};
			name = Release;
		};
		E042D4612B2B577B00496A1C /* Debug */ = {
			isa = XCBuildConfiguration;
			buildSettings = {
				ASSETCATALOG_COMPILER_APPICON_NAME = AppIcon;
				ASSETCATALOG_COMPILER_GLOBAL_ACCENT_COLOR_NAME = AccentColor;
				CODE_SIGN_STYLE = Automatic;
				CURRENT_PROJECT_VERSION = 1;
				DEVELOPMENT_ASSET_PATHS = "\"ExpenseFullApp/Preview Content\"";
				DEVELOPMENT_TEAM = 7WK28L33ZG;
				ENABLE_PREVIEWS = YES;
				GENERATE_INFOPLIST_FILE = YES;
				INFOPLIST_KEY_UIApplicationSceneManifest_Generation = YES;
				INFOPLIST_KEY_UIApplicationSupportsIndirectInputEvents = YES;
				INFOPLIST_KEY_UILaunchScreen_Generation = YES;
				INFOPLIST_KEY_UISupportedInterfaceOrientations_iPad = "UIInterfaceOrientationPortrait UIInterfaceOrientationPortraitUpsideDown UIInterfaceOrientationLandscapeLeft UIInterfaceOrientationLandscapeRight";
				INFOPLIST_KEY_UISupportedInterfaceOrientations_iPhone = "UIInterfaceOrientationPortrait UIInterfaceOrientationLandscapeLeft UIInterfaceOrientationLandscapeRight";
				LD_RUNPATH_SEARCH_PATHS = (
					"$(inherited)",
					"@executable_path/Frameworks",
				);
				MARKETING_VERSION = 1.0;
				PRODUCT_BUNDLE_IDENTIFIER = com.haw.ExpenseFullApp;
				PRODUCT_NAME = "$(TARGET_NAME)";
				SWIFT_EMIT_LOC_STRINGS = YES;
				SWIFT_VERSION = 5.0;
				TARGETED_DEVICE_FAMILY = "1,2";
			};
			name = Debug;
		};
		E042D4622B2B577B00496A1C /* Release */ = {
			isa = XCBuildConfiguration;
			buildSettings = {
				ASSETCATALOG_COMPILER_APPICON_NAME = AppIcon;
				ASSETCATALOG_COMPILER_GLOBAL_ACCENT_COLOR_NAME = AccentColor;
				CODE_SIGN_STYLE = Automatic;
				CURRENT_PROJECT_VERSION = 1;
				DEVELOPMENT_ASSET_PATHS = "\"ExpenseFullApp/Preview Content\"";
				DEVELOPMENT_TEAM = 7WK28L33ZG;
				ENABLE_PREVIEWS = YES;
				GENERATE_INFOPLIST_FILE = YES;
				INFOPLIST_KEY_UIApplicationSceneManifest_Generation = YES;
				INFOPLIST_KEY_UIApplicationSupportsIndirectInputEvents = YES;
				INFOPLIST_KEY_UILaunchScreen_Generation = YES;
				INFOPLIST_KEY_UISupportedInterfaceOrientations_iPad = "UIInterfaceOrientationPortrait UIInterfaceOrientationPortraitUpsideDown UIInterfaceOrientationLandscapeLeft UIInterfaceOrientationLandscapeRight";
				INFOPLIST_KEY_UISupportedInterfaceOrientations_iPhone = "UIInterfaceOrientationPortrait UIInterfaceOrientationLandscapeLeft UIInterfaceOrientationLandscapeRight";
				LD_RUNPATH_SEARCH_PATHS = (
					"$(inherited)",
					"@executable_path/Frameworks",
				);
				MARKETING_VERSION = 1.0;
				PRODUCT_BUNDLE_IDENTIFIER = com.haw.ExpenseFullApp;
				PRODUCT_NAME = "$(TARGET_NAME)";
				SWIFT_EMIT_LOC_STRINGS = YES;
				SWIFT_VERSION = 5.0;
				TARGETED_DEVICE_FAMILY = "1,2";
			};
			name = Release;
		};
/* End XCBuildConfiguration section */

/* Begin XCConfigurationList section */
		E042D44D2B2B577A00496A1C /* Build configuration list for PBXProject "ExpenseFullApp" */ = {
			isa = XCConfigurationList;
			buildConfigurations = (
				E042D45E2B2B577B00496A1C /* Debug */,
				E042D45F2B2B577B00496A1C /* Release */,
			);
			defaultConfigurationIsVisible = 0;
			defaultConfigurationName = Release;
		};
		E042D4602B2B577B00496A1C /* Build configuration list for PBXNativeTarget "ExpenseFullApp" */ = {
			isa = XCConfigurationList;
			buildConfigurations = (
				E042D4612B2B577B00496A1C /* Debug */,
				E042D4622B2B577B00496A1C /* Release */,
			);
			defaultConfigurationIsVisible = 0;
			defaultConfigurationName = Release;
		};
/* End XCConfigurationList section */
	};
	rootObject = E042D44A2B2B577A00496A1C /* Project object */;
}
